{
  "version": 4,
  "terraform_version": "1.4.6",
  "serial": 118,
  "lineage": "f731574e-8225-e9c1-b45f-a7accc2829b2",
  "outputs": {},
  "resources": [
    {
      "module": "module.tutorial",
      "mode": "managed",
      "type": "google_artifact_registry_repository",
      "name": "tnamba_tutorial_sidecar",
      "provider": "provider[\"registry.terraform.io/hashicorp/google\"]",
      "instances": [
        {
          "schema_version": 0,
          "attributes": {
            "create_time": "2023-05-07T05:02:15.016341Z",
            "description": "docker repository to sidecar",
            "docker_config": [],
            "format": "DOCKER",
            "id": "projects/tech-lab-323207/locations/asia-northeast1/repositories/tnamba-tutorial-sidecar",
            "kms_key_name": "",
            "labels": {},
            "location": "asia-northeast1",
            "maven_config": [],
            "mode": "STANDARD_REPOSITORY",
            "name": "tnamba-tutorial-sidecar",
            "project": "tech-lab-323207",
            "remote_repository_config": [],
            "repository_id": "tnamba-tutorial-sidecar",
            "timeouts": null,
            "update_time": "2023-05-07T05:02:15.016341Z",
            "virtual_repository_config": []
          },
          "sensitive_attributes": [],
          "private": "eyJlMmJmYjczMC1lY2FhLTExZTYtOGY4OC0zNDM2M2JjN2M0YzAiOnsiY3JlYXRlIjoxMjAwMDAwMDAwMDAwLCJkZWxldGUiOjEyMDAwMDAwMDAwMDAsInVwZGF0ZSI6MTIwMDAwMDAwMDAwMH19"
        }
      ]
    },
    {
      "module": "module.tutorial",
      "mode": "managed",
      "type": "google_artifact_registry_repository_iam_binding",
      "name": "admin",
      "provider": "provider[\"registry.terraform.io/hashicorp/google\"]",
      "instances": [
        {
          "schema_version": 0,
          "attributes": {
            "condition": [],
            "etag": "BwX7E22iUAM=",
            "id": "projects/tech-lab-323207/locations/asia-northeast1/repositories/tnamba-tutorial-sidecar/roles/artifactregistry.admin",
            "location": "asia-northeast1",
            "members": [
              "serviceAccount:id-terraform-t-namba-tutorial@tech-lab-323207.iam.gserviceaccount.com"
            ],
            "project": "tech-lab-323207",
            "repository": "projects/tech-lab-323207/locations/asia-northeast1/repositories/tnamba-tutorial-sidecar",
            "role": "roles/artifactregistry.admin"
          },
          "sensitive_attributes": [],
          "private": "bnVsbA==",
          "dependencies": [
            "module.tutorial.google_artifact_registry_repository.tnamba_tutorial_sidecar"
          ]
        }
      ]
    },
    {
      "module": "module.tutorial",
      "mode": "managed",
      "type": "google_cloud_run_service",
      "name": "tnamba_tutorial_sidecar",
      "provider": "provider[\"registry.terraform.io/hashicorp/google\"]",
      "instances": [
        {
          "schema_version": 1,
          "attributes": {
            "autogenerate_revision_name": false,
            "id": "locations/asia-northeast1/namespaces/tech-lab-323207/services/tnamba-tutorial-sidecar",
            "location": "asia-northeast1",
            "metadata": [
              {
                "annotations": {
                  "autoscaling.knative.dev/maxScale": "3",
                  "autoscaling.knative.dev/minScale": "0",
                  "run.googleapis.com/ingress": "all",
                  "run.googleapis.com/ingress-status": "all",
                  "run.googleapis.com/operation-id": "2ec7be66-5302-4a47-b66f-786904292a55",
                  "serving.knative.dev/creator": "id-terraform-t-namba-tutorial@tech-lab-323207.iam.gserviceaccount.com",
                  "serving.knative.dev/lastModifier": "id-terraform-t-namba-tutorial@tech-lab-323207.iam.gserviceaccount.com"
                },
                "generation": 2,
                "labels": {
                  "cloud.googleapis.com/location": "asia-northeast1"
                },
                "namespace": "tech-lab-323207",
                "resource_version": "AAX7E5WCNRc",
                "self_link": "/apis/serving.knative.dev/v1/namespaces/823642599271/services/tnamba-tutorial-sidecar",
                "uid": "2bf9b89a-e6af-44b9-9d49-35439d3ba88a"
              }
            ],
            "name": "tnamba-tutorial-sidecar",
            "project": "tech-lab-323207",
            "status": [
              {
                "conditions": [
                  {
                    "message": "",
                    "reason": "",
                    "status": "True",
                    "type": "Ready"
                  },
                  {
                    "message": "",
                    "reason": "",
                    "status": "True",
                    "type": "ConfigurationsReady"
                  },
                  {
                    "message": "",
                    "reason": "",
                    "status": "True",
                    "type": "RoutesReady"
                  }
                ],
                "latest_created_revision_name": "tnamba-tutorial-sidecar-00001-pdx",
                "latest_ready_revision_name": "tnamba-tutorial-sidecar-00001-pdx",
                "observed_generation": 2,
                "url": "https://tnamba-tutorial-sidecar-2iriz76iya-an.a.run.app"
              }
            ],
            "template": [
              {
                "metadata": [
                  {
                    "annotations": {
                      "autoscaling.knative.dev/maxScale": "100"
                    },
                    "generation": 0,
                    "labels": {},
                    "name": "",
                    "namespace": "",
                    "resource_version": "",
                    "self_link": "",
                    "uid": ""
                  }
                ],
                "spec": [
                  {
                    "container_concurrency": 80,
                    "containers": [
                      {
                        "args": [],
                        "command": [],
                        "env": [
                          {
                            "name": "DB_HOST",
                            "value": "/cloudsql/tech-lab-323207:asia-northeast1:tnamba-tutorial-postgres",
                            "value_from": []
                          },
                          {
                            "name": "DB_NAME",
                            "value": "tnamba-tutorial",
                            "value_from": []
                          },
                          {
                            "name": "DB_PASSWORD",
                            "value": "9f7e9f9e7fa96755",
                            "value_from": []
                          },
                          {
                            "name": "DB_USER",
                            "value": "postgres",
                            "value_from": []
                          },
                          {
                            "name": "ENV",
                            "value": "dev",
                            "value_from": []
                          }
                        ],
                        "env_from": [],
                        "image": "gcr.io/tech-lab-323207/pro-traning-b:latest",
                        "ports": [
                          {
                            "container_port": 8080,
                            "name": "http1",
                            "protocol": ""
                          }
                        ],
                        "resources": [
                          {
                            "limits": {
                              "cpu": "1000m",
                              "memory": "512Mi"
                            },
                            "requests": {}
                          }
                        ],
                        "volume_mounts": [],
                        "working_dir": ""
                      }
                    ],
                    "service_account_name": "823642599271-compute@developer.gserviceaccount.com",
                    "serving_state": "",
                    "timeout_seconds": 300,
                    "volumes": []
                  }
                ]
              }
            ],
            "timeouts": null,
            "traffic": [
              {
                "latest_revision": true,
                "percent": 100,
                "revision_name": "",
                "tag": "",
                "url": ""
              }
            ]
          },
          "sensitive_attributes": [
            [
              {
                "type": "get_attr",
                "value": "template"
              },
              {
                "type": "index",
                "value": {
                  "value": 0,
                  "type": "number"
                }
              },
              {
                "type": "get_attr",
                "value": "spec"
              },
              {
                "type": "index",
                "value": {
                  "value": 0,
                  "type": "number"
                }
              },
              {
                "type": "get_attr",
                "value": "containers"
              },
              {
                "type": "index",
                "value": {
                  "value": 0,
                  "type": "number"
                }
              },
              {
                "type": "get_attr",
                "value": "env"
              }
            ]
          ],
          "private": "eyJlMmJmYjczMC1lY2FhLTExZTYtOGY4OC0zNDM2M2JjN2M0YzAiOnsiY3JlYXRlIjoxMjAwMDAwMDAwMDAwLCJkZWxldGUiOjEyMDAwMDAwMDAwMDAsInVwZGF0ZSI6MTIwMDAwMDAwMDAwMH0sInNjaGVtYV92ZXJzaW9uIjoiMSJ9",
          "dependencies": [
            "module.tutorial.google_sql_database.tnamba_tutorial_database",
            "module.tutorial.google_sql_database_instance.tnamba_tutorial_postgres",
            "module.tutorial.google_sql_user.default_user"
          ]
        }
      ]
    },
    {
      "module": "module.tutorial",
      "mode": "managed",
      "type": "google_iam_workload_identity_pool",
      "name": "tnamba_tutorial_ga",
      "provider": "provider[\"registry.terraform.io/hashicorp/google\"]",
      "instances": [
        {
          "schema_version": 0,
          "attributes": {
            "description": "",
            "disabled": false,
            "display_name": "",
            "id": "projects/tech-lab-323207/locations/global/workloadIdentityPools/tnamba-tutorial-pool",
            "name": "projects/823642599271/locations/global/workloadIdentityPools/tnamba-tutorial-pool",
            "project": "tech-lab-323207",
            "state": "ACTIVE",
            "timeouts": null,
            "workload_identity_pool_id": "tnamba-tutorial-pool"
          },
          "sensitive_attributes": [],
          "private": "eyJlMmJmYjczMC1lY2FhLTExZTYtOGY4OC0zNDM2M2JjN2M0YzAiOnsiY3JlYXRlIjoxMjAwMDAwMDAwMDAwLCJkZWxldGUiOjEyMDAwMDAwMDAwMDAsInVwZGF0ZSI6MTIwMDAwMDAwMDAwMH19"
        }
      ]
    },
    {
      "module": "module.tutorial",
      "mode": "managed",
      "type": "google_iam_workload_identity_pool_provider",
      "name": "tnamba_tutorial_ga_pool_provider",
      "provider": "provider[\"registry.terraform.io/hashicorp/google\"]",
      "instances": [
        {
          "schema_version": 0,
          "attributes": {
            "attribute_condition": "",
            "attribute_mapping": {
              "attribute.actor": "assertion.actor",
              "attribute.repository": "assertion.repository",
              "google.subject": "assertion.sub"
            },
            "aws": [],
            "description": "",
            "disabled": false,
            "display_name": "",
            "id": "projects/tech-lab-323207/locations/global/workloadIdentityPools/tnamba-tutorial-pool/providers/tnamba-tutorial-ga-pool-provider",
            "name": "projects/823642599271/locations/global/workloadIdentityPools/tnamba-tutorial-pool/providers/tnamba-tutorial-ga-pool-provider",
            "oidc": [
              {
                "allowed_audiences": [],
                "issuer_uri": "https://token.actions.githubusercontent.com"
              }
            ],
            "project": "tech-lab-323207",
            "state": "ACTIVE",
            "timeouts": null,
            "workload_identity_pool_id": "tnamba-tutorial-pool",
            "workload_identity_pool_provider_id": "tnamba-tutorial-ga-pool-provider"
          },
          "sensitive_attributes": [],
          "private": "eyJlMmJmYjczMC1lY2FhLTExZTYtOGY4OC0zNDM2M2JjN2M0YzAiOnsiY3JlYXRlIjoxMjAwMDAwMDAwMDAwLCJkZWxldGUiOjEyMDAwMDAwMDAwMDAsInVwZGF0ZSI6MTIwMDAwMDAwMDAwMH19",
          "dependencies": [
            "module.tutorial.google_iam_workload_identity_pool.tnamba_tutorial_ga"
          ]
        }
      ]
    },
    {
      "module": "module.tutorial",
      "mode": "managed",
      "type": "google_project_iam_binding",
      "name": "client",
      "provider": "provider[\"registry.terraform.io/hashicorp/google\"]",
      "instances": [
        {
          "schema_version": 0,
          "attributes": {
            "condition": [],
            "etag": "BwX7ExqqkOk=",
            "id": "tech-lab-323207/roles/cloudsql.client",
            "members": [
              "serviceAccount:tnamba-tutorial-cloudrun-sa@tech-lab-323207.iam.gserviceaccount.com"
            ],
            "project": "tech-lab-323207",
            "role": "roles/cloudsql.client"
          },
          "sensitive_attributes": [],
          "private": "bnVsbA==",
          "dependencies": [
            "module.tutorial.google_service_account.tnamba_tutorial_cloudrun_service_account"
          ]
        }
      ]
    },
    {
      "module": "module.tutorial",
      "mode": "managed",
      "type": "google_project_iam_binding",
      "name": "tnamba_tutorial_chat_image_object_admin",
      "provider": "provider[\"registry.terraform.io/hashicorp/google\"]",
      "instances": [
        {
          "schema_version": 0,
          "attributes": {
            "condition": [],
            "etag": "BwX7ExqqkOk=",
            "id": "tech-lab-323207/roles/cloudsql.instanceUser",
            "members": [
              "serviceAccount:tnamba-tutorial-cloudrun-sa@tech-lab-323207.iam.gserviceaccount.com"
            ],
            "project": "tech-lab-323207",
            "role": "roles/cloudsql.instanceUser"
          },
          "sensitive_attributes": [],
          "private": "bnVsbA==",
          "dependencies": [
            "module.tutorial.google_service_account.tnamba_tutorial_cloudrun_service_account"
          ]
        }
      ]
    },
    {
      "module": "module.tutorial",
      "mode": "managed",
      "type": "google_project_iam_member",
      "name": "ga_storage_object_viewer",
      "provider": "provider[\"registry.terraform.io/hashicorp/google\"]",
      "instances": [
        {
          "schema_version": 0,
          "attributes": {
            "condition": [],
            "etag": "BwX7ExqqkOk=",
            "id": "tech-lab-323207/roles/clouddeploy.operator/serviceAccount:tnamba-tutorial-ga-sa@tech-lab-323207.iam.gserviceaccount.com",
            "member": "serviceAccount:tnamba-tutorial-ga-sa@tech-lab-323207.iam.gserviceaccount.com",
            "project": "tech-lab-323207",
            "role": "roles/clouddeploy.operator"
          },
          "sensitive_attributes": [],
          "private": "bnVsbA==",
          "dependencies": [
            "module.tutorial.google_service_account.tnamba_tutorial_ga_service_account"
          ]
        }
      ]
    },
    {
      "module": "module.tutorial",
      "mode": "managed",
      "type": "google_project_iam_member",
      "name": "tnamba_tutorial_ga_admin_artifact_registory",
      "provider": "provider[\"registry.terraform.io/hashicorp/google\"]",
      "instances": [
        {
          "schema_version": 0,
          "attributes": {
            "condition": [],
            "etag": "BwX7ExqqkOk=",
            "id": "tech-lab-323207/roles/artifactregistry.writer/serviceAccount:tnamba-tutorial-ga-sa@tech-lab-323207.iam.gserviceaccount.com",
            "member": "serviceAccount:tnamba-tutorial-ga-sa@tech-lab-323207.iam.gserviceaccount.com",
            "project": "tech-lab-323207",
            "role": "roles/artifactregistry.writer"
          },
          "sensitive_attributes": [],
          "private": "bnVsbA==",
          "dependencies": [
            "module.tutorial.google_service_account.tnamba_tutorial_ga_service_account"
          ]
        }
      ]
    },
    {
      "module": "module.tutorial",
      "mode": "managed",
      "type": "google_project_iam_member",
      "name": "tnamba_tutorial_ga_iam_cloudrun_deploy",
      "provider": "provider[\"registry.terraform.io/hashicorp/google\"]",
      "instances": [
        {
          "schema_version": 0,
          "attributes": {
            "condition": [],
            "etag": "BwX7ExqqkOk=",
            "id": "tech-lab-323207/roles/run.admin/serviceAccount:tnamba-tutorial-ga-sa@tech-lab-323207.iam.gserviceaccount.com",
            "member": "serviceAccount:tnamba-tutorial-ga-sa@tech-lab-323207.iam.gserviceaccount.com",
            "project": "tech-lab-323207",
            "role": "roles/run.admin"
          },
          "sensitive_attributes": [],
          "private": "bnVsbA==",
          "dependencies": [
            "module.tutorial.google_service_account.tnamba_tutorial_ga_service_account"
          ]
        }
      ]
    },
    {
      "module": "module.tutorial",
      "mode": "managed",
      "type": "google_project_iam_member",
      "name": "tnamba_tutorial_ga_iam_sa",
      "provider": "provider[\"registry.terraform.io/hashicorp/google\"]",
      "instances": [
        {
          "schema_version": 0,
          "attributes": {
            "condition": [],
            "etag": "BwX7ExqqkOk=",
            "id": "tech-lab-323207/roles/iam.serviceAccountUser/serviceAccount:tnamba-tutorial-ga-sa@tech-lab-323207.iam.gserviceaccount.com",
            "member": "serviceAccount:tnamba-tutorial-ga-sa@tech-lab-323207.iam.gserviceaccount.com",
            "project": "tech-lab-323207",
            "role": "roles/iam.serviceAccountUser"
          },
          "sensitive_attributes": [],
          "private": "bnVsbA==",
          "dependencies": [
            "module.tutorial.google_service_account.tnamba_tutorial_ga_service_account"
          ]
        }
      ]
    },
    {
      "module": "module.tutorial",
      "mode": "managed",
      "type": "google_service_account",
      "name": "tnamba_tutorial_cloudrun_service_account",
      "provider": "provider[\"registry.terraform.io/hashicorp/google\"]",
      "instances": [
        {
          "schema_version": 0,
          "attributes": {
            "account_id": "tnamba-tutorial-cloudrun-sa",
            "description": "",
            "disabled": false,
            "display_name": "Various permissions required for Cloud Run",
            "email": "tnamba-tutorial-cloudrun-sa@tech-lab-323207.iam.gserviceaccount.com",
            "id": "projects/tech-lab-323207/serviceAccounts/tnamba-tutorial-cloudrun-sa@tech-lab-323207.iam.gserviceaccount.com",
            "member": "serviceAccount:tnamba-tutorial-cloudrun-sa@tech-lab-323207.iam.gserviceaccount.com",
            "name": "projects/tech-lab-323207/serviceAccounts/tnamba-tutorial-cloudrun-sa@tech-lab-323207.iam.gserviceaccount.com",
            "project": "tech-lab-323207",
            "timeouts": null,
            "unique_id": "100867685702632345868"
          },
          "sensitive_attributes": [],
          "private": "eyJlMmJmYjczMC1lY2FhLTExZTYtOGY4OC0zNDM2M2JjN2M0YzAiOnsiY3JlYXRlIjozMDAwMDAwMDAwMDB9fQ=="
        }
      ]
    },
    {
      "module": "module.tutorial",
      "mode": "managed",
      "type": "google_service_account",
      "name": "tnamba_tutorial_ga_service_account",
      "provider": "provider[\"registry.terraform.io/hashicorp/google\"]",
      "instances": [
        {
          "schema_version": 0,
          "attributes": {
            "account_id": "tnamba-tutorial-ga-sa",
            "description": "",
            "disabled": false,
            "display_name": "Various permissions required for Github Actions",
            "email": "tnamba-tutorial-ga-sa@tech-lab-323207.iam.gserviceaccount.com",
            "id": "projects/tech-lab-323207/serviceAccounts/tnamba-tutorial-ga-sa@tech-lab-323207.iam.gserviceaccount.com",
            "member": "serviceAccount:tnamba-tutorial-ga-sa@tech-lab-323207.iam.gserviceaccount.com",
            "name": "projects/tech-lab-323207/serviceAccounts/tnamba-tutorial-ga-sa@tech-lab-323207.iam.gserviceaccount.com",
            "project": "tech-lab-323207",
            "timeouts": null,
            "unique_id": "103590577741215117956"
          },
          "sensitive_attributes": [],
          "private": "eyJlMmJmYjczMC1lY2FhLTExZTYtOGY4OC0zNDM2M2JjN2M0YzAiOnsiY3JlYXRlIjozMDAwMDAwMDAwMDB9fQ=="
        }
      ]
    },
    {
      "module": "module.tutorial",
      "mode": "managed",
      "type": "google_service_account_iam_member",
      "name": "tnamba_tutorial_ga_iam_workload_identity_user",
      "provider": "provider[\"registry.terraform.io/hashicorp/google\"]",
      "instances": [
        {
          "schema_version": 0,
          "attributes": {
            "condition": [],
            "etag": "BwX7E3xPuaQ=",
            "id": "projects/tech-lab-323207/serviceAccounts/tnamba-tutorial-ga-sa@tech-lab-323207.iam.gserviceaccount.com/roles/iam.workloadIdentityUser/principalSet://iam.googleapis.com/projects/823642599271/locations/global/workloadIdentityPools/tnamba-tutorial-pool/attribute.repository/tmk616window/tutorial2-backend-go-hasura",
            "member": "principalSet://iam.googleapis.com/projects/823642599271/locations/global/workloadIdentityPools/tnamba-tutorial-pool/attribute.repository/tmk616window/tutorial2-backend-go-hasura",
            "role": "roles/iam.workloadIdentityUser",
            "service_account_id": "projects/tech-lab-323207/serviceAccounts/tnamba-tutorial-ga-sa@tech-lab-323207.iam.gserviceaccount.com"
          },
          "sensitive_attributes": [],
          "private": "bnVsbA==",
          "dependencies": [
            "module.tutorial.google_iam_workload_identity_pool.tnamba_tutorial_ga",
            "module.tutorial.google_service_account.tnamba_tutorial_ga_service_account"
          ]
        }
      ]
    },
    {
      "module": "module.tutorial",
      "mode": "managed",
      "type": "google_sql_database",
      "name": "tnamba_tutorial_database",
      "provider": "provider[\"registry.terraform.io/hashicorp/google\"]",
      "instances": [
        {
          "schema_version": 0,
          "attributes": {
            "charset": "UTF8",
            "collation": "en_US.UTF8",
            "deletion_policy": "DELETE",
            "id": "projects/tech-lab-323207/instances/tnamba-tutorial-postgres/databases/tnamba-tutorial",
            "instance": "tnamba-tutorial-postgres",
            "name": "tnamba-tutorial",
            "project": "tech-lab-323207",
            "self_link": "https://sqladmin.googleapis.com/sql/v1beta4/projects/tech-lab-323207/instances/tnamba-tutorial-postgres/databases/tnamba-tutorial",
            "timeouts": null
          },
          "sensitive_attributes": [],
          "private": "eyJlMmJmYjczMC1lY2FhLTExZTYtOGY4OC0zNDM2M2JjN2M0YzAiOnsiY3JlYXRlIjoxMjAwMDAwMDAwMDAwLCJkZWxldGUiOjEyMDAwMDAwMDAwMDAsInVwZGF0ZSI6MTIwMDAwMDAwMDAwMH19",
          "dependencies": [
            "module.tutorial.google_sql_database_instance.tnamba_tutorial_postgres",
            "module.tutorial.google_sql_user.default_user",
            "module.tutorial.random_id.length_8"
          ]
        }
      ]
    },
    {
      "module": "module.tutorial",
      "mode": "managed",
      "type": "google_sql_database_instance",
      "name": "tnamba_tutorial_postgres",
      "provider": "provider[\"registry.terraform.io/hashicorp/google\"]",
      "instances": [
        {
          "schema_version": 0,
          "attributes": {
            "available_maintenance_versions": [],
            "clone": [],
            "connection_name": "tech-lab-323207:asia-northeast1:tnamba-tutorial-postgres",
            "database_version": "POSTGRES_14",
            "deletion_protection": false,
            "encryption_key_name": null,
            "first_ip_address": "34.146.70.182",
            "id": "tnamba-tutorial-postgres",
            "instance_type": "CLOUD_SQL_INSTANCE",
            "ip_address": [
              {
                "ip_address": "34.146.70.182",
                "time_to_retire": "",
                "type": "PRIMARY"
              },
              {
                "ip_address": "35.200.12.97",
                "time_to_retire": "",
                "type": "OUTGOING"
              }
            ],
            "maintenance_version": "POSTGRES_14_5.R20230316.02_02",
            "master_instance_name": "",
            "name": "tnamba-tutorial-postgres",
            "private_ip_address": "",
            "project": "tech-lab-323207",
            "public_ip_address": "34.146.70.182",
            "region": "asia-northeast1",
            "replica_configuration": [],
            "restore_backup_context": [],
            "root_password": null,
            "self_link": "https://sqladmin.googleapis.com/sql/v1beta4/projects/tech-lab-323207/instances/tnamba-tutorial-postgres",
            "server_ca_cert": [
              {
                "cert": "-----BEGIN CERTIFICATE-----\nMIIDfzCCAmegAwIBAgIBADANBgkqhkiG9w0BAQsFADB3MS0wKwYDVQQuEyQ5YTNh\nZWZhMy02OTQxLTQyNTItYWJlOC0xOTQ1MjhiOGZhMTUxIzAhBgNVBAMTGkdvb2ds\nZSBDbG91ZCBTUUwgU2VydmVyIENBMRQwEgYDVQQKEwtHb29nbGUsIEluYzELMAkG\nA1UEBhMCVVMwHhcNMjMwNTA3MDQzOTIyWhcNMzMwNTA0MDQ0MDIyWjB3MS0wKwYD\nVQQuEyQ5YTNhZWZhMy02OTQxLTQyNTItYWJlOC0xOTQ1MjhiOGZhMTUxIzAhBgNV\nBAMTGkdvb2dsZSBDbG91ZCBTUUwgU2VydmVyIENBMRQwEgYDVQQKEwtHb29nbGUs\nIEluYzELMAkGA1UEBhMCVVMwggEiMA0GCSqGSIb3DQEBAQUAA4IBDwAwggEKAoIB\nAQDhzH9CcC2+Qt/nFlrjonTm0rl2/B9IJCUQpcipBkZZ340WqpLTfufWc6u+NQ2P\nTyhLTTcaH34hVc8R0eRpq0gydb1RyTPadfAGwSRYP0JBxmma0nSqsezGyumNQXF2\nNTp2QV5DjngiE8c2ThfbZT4sYq0s+WEgjH3XtwbbvTYV/oBRG5qRwzLsol/FNyBr\n8dO63+tT0I2hFT/MEOsZ2czvrsWZg3+lwGjxg5/yx9uKRyIG34Q2WCnbL4PNgfP5\neNPGRCabDjKdPy0Ie3ZL6rMYfSpA7yvBXWKQoqdFWsX7DYts8HdvrpKI5Ow4vC0a\nyd2C+2s7H1e4w5fugOpYIUnDAgMBAAGjFjAUMBIGA1UdEwEB/wQIMAYBAf8CAQAw\nDQYJKoZIhvcNAQELBQADggEBAGd1rkjoHHqc4ULBzMq21dPJqcDXrwdFtUJ3WxcM\nBkrf7kl9WBMZcN15RZVMTelwoujEsdQS7iOmI3P7wiO7XpuBg99PqSzq9ZtUmqSz\nv+0zkwDPD/ho6+NgofViNtTDkp88GdsgNnlT8xFisJ8sz0q2FJQVFZabnMVrOyDM\nFaYv8BQoJwDyH4uciX/54NYrSKAjd7OMIC0AN6F1IC3uxIpIWGc4KtuIJnlOZWXn\nbceI57o0Ayzv6ftet4bRmLg8DzETnxx4gvxYd4UQRnnvNsjagm7hkjkVJBZzD6Rj\nR59vSIMPDnoCB5meCUWZ/qXAMifzYUeNvQLWcvF6hdbWZJU=\n-----END CERTIFICATE-----",
                "common_name": "C=US,O=Google\\, Inc,CN=Google Cloud SQL Server CA,dnQualifier=9a3aefa3-6941-4252-abe8-194528b8fa15",
                "create_time": "2023-05-07T04:39:22.207Z",
                "expiration_time": "2033-05-04T04:40:22.207Z",
                "sha1_fingerprint": "8669d1e833ecaa1406caaf0dcdeda64dcbfd5697"
              }
            ],
            "service_account_email_address": "p823642599271-x62leb@gcp-sa-cloud-sql.iam.gserviceaccount.com",
            "settings": [
              {
                "activation_policy": "ALWAYS",
                "active_directory_config": [],
                "availability_type": "ZONAL",
                "backup_configuration": [
                  {
                    "backup_retention_settings": [
                      {
                        "retained_backups": 7,
                        "retention_unit": "COUNT"
                      }
                    ],
                    "binary_log_enabled": false,
                    "enabled": false,
                    "location": "",
                    "point_in_time_recovery_enabled": false,
                    "start_time": "06:00",
                    "transaction_log_retention_days": 7
                  }
                ],
                "collation": "",
                "connector_enforcement": "NOT_REQUIRED",
                "database_flags": [],
                "deletion_protection_enabled": false,
                "deny_maintenance_period": [],
                "disk_autoresize": false,
                "disk_autoresize_limit": 0,
                "disk_size": 10,
                "disk_type": "PD_HDD",
                "insights_config": [],
                "ip_configuration": [
                  {
                    "allocated_ip_range": "",
                    "authorized_networks": [],
                    "enable_private_path_for_google_cloud_services": false,
                    "ipv4_enabled": true,
                    "private_network": "",
                    "require_ssl": false
                  }
                ],
                "location_preference": [
                  {
                    "follow_gae_application": "",
                    "secondary_zone": "",
                    "zone": "asia-northeast1-b"
                  }
                ],
                "maintenance_window": [],
                "password_validation_policy": [],
                "pricing_plan": "PER_USE",
                "sql_server_audit_config": [],
                "tier": "db-f1-micro",
                "time_zone": "",
                "user_labels": {},
                "version": 2
              }
            ],
            "timeouts": null
          },
          "sensitive_attributes": [],
          "private": "eyJlMmJmYjczMC1lY2FhLTExZTYtOGY4OC0zNDM2M2JjN2M0YzAiOnsiY3JlYXRlIjoyNDAwMDAwMDAwMDAwLCJkZWxldGUiOjE4MDAwMDAwMDAwMDAsInVwZGF0ZSI6MTgwMDAwMDAwMDAwMH19"
        }
      ]
    },
    {
      "module": "module.tutorial",
      "mode": "managed",
      "type": "google_sql_user",
      "name": "default_user",
      "provider": "provider[\"registry.terraform.io/hashicorp/google\"]",
      "instances": [
        {
          "schema_version": 1,
          "attributes": {
            "deletion_policy": null,
            "host": "",
            "id": "postgres//tnamba-tutorial-postgres",
            "instance": "tnamba-tutorial-postgres",
            "name": "postgres",
            "password": "9f7e9f9e7fa96755",
            "password_policy": [],
            "project": "tech-lab-323207",
            "sql_server_user_details": [],
            "timeouts": null,
            "type": ""
          },
          "sensitive_attributes": [],
          "private": "eyJlMmJmYjczMC1lY2FhLTExZTYtOGY4OC0zNDM2M2JjN2M0YzAiOnsiY3JlYXRlIjo2MDAwMDAwMDAwMDAsImRlbGV0ZSI6NjAwMDAwMDAwMDAwLCJ1cGRhdGUiOjYwMDAwMDAwMDAwMH0sInNjaGVtYV92ZXJzaW9uIjoiMSJ9",
          "dependencies": [
            "module.tutorial.google_sql_database_instance.tnamba_tutorial_postgres",
            "module.tutorial.random_id.length_8"
          ]
        }
      ]
    },
    {
      "module": "module.tutorial",
      "mode": "managed",
      "type": "google_storage_bucket",
      "name": "tnamba_tutorial",
      "provider": "provider[\"registry.terraform.io/hashicorp/google\"]",
      "instances": [
        {
          "schema_version": 0,
          "attributes": {
            "autoclass": [],
            "cors": [
              {
                "max_age_seconds": 3600,
                "method": [
                  "GET",
                  "HEAD",
                  "PUT",
                  "POST",
                  "DELETE"
                ],
                "origin": [
                  "http://localhost:3000"
                ],
                "response_header": [
                  "*"
                ]
              }
            ],
            "custom_placement_config": [],
            "default_event_based_hold": false,
            "encryption": [],
            "force_destroy": true,
            "id": "tnamba-tutorial-chat-image",
            "labels": {},
            "lifecycle_rule": [],
            "location": "ASIA-NORTHEAST1",
            "logging": [],
            "name": "tnamba-tutorial-chat-image",
            "project": "tech-lab-323207",
            "public_access_prevention": "inherited",
            "requester_pays": false,
            "retention_policy": [],
            "self_link": "https://www.googleapis.com/storage/v1/b/tnamba-tutorial-chat-image",
            "storage_class": "STANDARD",
            "timeouts": null,
            "uniform_bucket_level_access": false,
            "url": "gs://tnamba-tutorial-chat-image",
            "versioning": [],
            "website": []
          },
          "sensitive_attributes": [],
          "private": "eyJlMmJmYjczMC1lY2FhLTExZTYtOGY4OC0zNDM2M2JjN2M0YzAiOnsiY3JlYXRlIjo2MDAwMDAwMDAwMDAsInJlYWQiOjI0MDAwMDAwMDAwMCwidXBkYXRlIjoyNDAwMDAwMDAwMDB9fQ=="
        }
      ]
    },
    {
      "module": "module.tutorial",
      "mode": "managed",
      "type": "google_storage_bucket_iam_binding",
      "name": "tnamba_tutorial_chat_image_object_admin",
      "provider": "provider[\"registry.terraform.io/hashicorp/google\"]",
      "instances": [
        {
          "schema_version": 0,
          "attributes": {
            "bucket": "b/tnamba-tutorial-chat-image",
            "condition": [],
            "etag": "CAI=",
            "id": "b/tnamba-tutorial-chat-image/roles/storage.objectAdmin",
            "members": [
              "serviceAccount:tnamba-tutorial-cloudrun-sa@tech-lab-323207.iam.gserviceaccount.com"
            ],
            "role": "roles/storage.objectAdmin"
          },
          "sensitive_attributes": [],
          "private": "bnVsbA==",
          "dependencies": [
            "module.tutorial.google_service_account.tnamba_tutorial_cloudrun_service_account",
            "module.tutorial.google_storage_bucket.tnamba_tutorial"
          ]
        }
      ]
    },
    {
      "module": "module.tutorial",
      "mode": "managed",
      "type": "random_id",
      "name": "length_16",
      "provider": "provider[\"registry.terraform.io/hashicorp/random\"]",
      "instances": [
        {
          "schema_version": 0,
          "attributes": {
            "b64_std": "sZS3JheYqXOLya/Z4Lut9g==",
            "b64_url": "sZS3JheYqXOLya_Z4Lut9g",
            "byte_length": 16,
            "dec": "236045529887923619952585083081769856502",
            "hex": "b194b7261798a9738bc9afd9e0bbadf6",
            "id": "sZS3JheYqXOLya_Z4Lut9g",
            "keepers": null,
            "prefix": null
          },
          "sensitive_attributes": []
        }
      ]
    },
    {
      "module": "module.tutorial",
      "mode": "managed",
      "type": "random_id",
      "name": "length_4",
      "provider": "provider[\"registry.terraform.io/hashicorp/random\"]",
      "instances": [
        {
          "schema_version": 0,
          "attributes": {
            "b64_std": "+1bORA==",
            "b64_url": "-1bORA",
            "byte_length": 4,
            "dec": "4216770116",
            "hex": "fb56ce44",
            "id": "-1bORA",
            "keepers": null,
            "prefix": null
          },
          "sensitive_attributes": []
        }
      ]
    },
    {
      "module": "module.tutorial",
      "mode": "managed",
      "type": "random_id",
      "name": "length_8",
      "provider": "provider[\"registry.terraform.io/hashicorp/random\"]",
      "instances": [
        {
          "schema_version": 0,
          "attributes": {
            "b64_std": "n36fnn+pZ1U=",
            "b64_url": "n36fnn-pZ1U",
            "byte_length": 8,
            "dec": "11492798802191542101",
            "hex": "9f7e9f9e7fa96755",
            "id": "n36fnn-pZ1U",
            "keepers": null,
            "prefix": null
          },
          "sensitive_attributes": []
        }
      ]
    }
  ],
  "check_results": null
}
