{
  "version": 4,
  "terraform_version": "1.4.6",
  "serial": 51,
  "lineage": "f731574e-8225-e9c1-b45f-a7accc2829b2",
  "outputs": {},
  "resources": [
    {
      "module": "module.tutorial",
      "mode": "managed",
      "type": "google_cloud_run_service",
      "name": "tnamba_tutorial_sidecar",
      "provider": "provider[\"registry.terraform.io/hashicorp/google\"]",
      "instances": [
        {
          "schema_version": 1,
          "attributes": {
            "autogenerate_revision_name": false,
            "id": "locations/asia-northeast1/namespaces/tech-lab-323207/services/tnamba-tutorial-sidecar",
            "location": "asia-northeast1",
            "metadata": [
              {
                "annotations": {
                  "autoscaling.knative.dev/maxScale": "1000",
                  "run.googleapis.com/client-name": "terraform",
                  "run.googleapis.com/cloudsql-instances": "tech-lab-323207:asia-northeast1:tnamba-tutorial-postgres",
                  "run.googleapis.com/ingress": "all",
                  "run.googleapis.com/ingress-status": "all",
                  "run.googleapis.com/operation-id": "99fbb555-d000-463e-9a25-8171707053b8",
                  "serving.knative.dev/creator": "id-terraform-t-namba-tutorial@tech-lab-323207.iam.gserviceaccount.com",
                  "serving.knative.dev/lastModifier": "id-terraform-t-namba-tutorial@tech-lab-323207.iam.gserviceaccount.com"
                },
                "generation": 2,
                "labels": {
                  "cloud.googleapis.com/location": "asia-northeast1"
                },
                "namespace": "tech-lab-323207",
                "resource_version": "AAX68Iu7SHs",
                "self_link": "/apis/serving.knative.dev/v1/namespaces/823642599271/services/tnamba-tutorial-sidecar",
                "uid": "cf7c2ac2-b903-4084-813d-114a65d51024"
              }
            ],
            "name": "tnamba-tutorial-sidecar",
            "project": "tech-lab-323207",
            "status": [
              {
                "conditions": [
                  {
                    "message": "",
                    "reason": "",
                    "status": "True",
                    "type": "Ready"
                  },
                  {
                    "message": "",
                    "reason": "",
                    "status": "True",
                    "type": "ConfigurationsReady"
                  },
                  {
                    "message": "",
                    "reason": "",
                    "status": "True",
                    "type": "RoutesReady"
                  }
                ],
                "latest_created_revision_name": "tnamba-tutorial-sidecar-00002-qcf",
                "latest_ready_revision_name": "tnamba-tutorial-sidecar-00002-qcf",
                "observed_generation": 2,
                "url": "https://tnamba-tutorial-sidecar-2iriz76iya-an.a.run.app"
              }
            ],
            "template": [
              {
                "metadata": [
                  {
                    "annotations": {
                      "autoscaling.knative.dev/maxScale": "100"
                    },
                    "generation": 0,
                    "labels": {},
                    "name": "",
                    "namespace": "",
                    "resource_version": "",
                    "self_link": "",
                    "uid": ""
                  }
                ],
                "spec": [
                  {
                    "container_concurrency": 80,
                    "containers": [
                      {
                        "args": [],
                        "command": [],
                        "env": [
                          {
                            "name": "DB_HOST",
                            "value": "/cloudsql/tech-lab-323207:asia-northeast1:tnamba-tutorial-postgres",
                            "value_from": []
                          },
                          {
                            "name": "DB_NAME",
                            "value": "tnamba-tutorial",
                            "value_from": []
                          },
                          {
                            "name": "DB_PASSWORD",
                            "value": "70d601d5a4d9b976",
                            "value_from": []
                          },
                          {
                            "name": "DB_USER",
                            "value": "postgres",
                            "value_from": []
                          }
                        ],
                        "env_from": [],
                        "image": "gcr.io/tech-lab-323207/pro-traning-b:latest",
                        "ports": [
                          {
                            "container_port": 8080,
                            "name": "http1",
                            "protocol": ""
                          }
                        ],
                        "resources": [
                          {
                            "limits": {
                              "cpu": "1000m",
                              "memory": "512Mi"
                            },
                            "requests": {}
                          }
                        ],
                        "volume_mounts": [],
                        "working_dir": ""
                      }
                    ],
                    "service_account_name": "823642599271-compute@developer.gserviceaccount.com",
                    "serving_state": "",
                    "timeout_seconds": 300,
                    "volumes": []
                  }
                ]
              }
            ],
            "timeouts": null,
            "traffic": [
              {
                "latest_revision": true,
                "percent": 100,
                "revision_name": "",
                "tag": "",
                "url": ""
              }
            ]
          },
          "sensitive_attributes": [
            [
              {
                "type": "get_attr",
                "value": "template"
              },
              {
                "type": "index",
                "value": {
                  "value": 0,
                  "type": "number"
                }
              },
              {
                "type": "get_attr",
                "value": "spec"
              },
              {
                "type": "index",
                "value": {
                  "value": 0,
                  "type": "number"
                }
              },
              {
                "type": "get_attr",
                "value": "containers"
              },
              {
                "type": "index",
                "value": {
                  "value": 0,
                  "type": "number"
                }
              },
              {
                "type": "get_attr",
                "value": "env"
              }
            ]
          ],
          "private": "eyJlMmJmYjczMC1lY2FhLTExZTYtOGY4OC0zNDM2M2JjN2M0YzAiOnsiY3JlYXRlIjoxMjAwMDAwMDAwMDAwLCJkZWxldGUiOjEyMDAwMDAwMDAwMDAsInVwZGF0ZSI6MTIwMDAwMDAwMDAwMH0sInNjaGVtYV92ZXJzaW9uIjoiMSJ9",
          "dependencies": [
            "module.tutorial.google_sql_database.tnamba_tutorial_database",
            "module.tutorial.google_sql_database_instance.tnamba_tutorial_postgres",
            "module.tutorial.google_sql_user.default_user"
          ]
        }
      ]
    },
    {
      "module": "module.tutorial",
      "mode": "managed",
      "type": "google_iam_workload_identity_pool",
      "name": "tnamba_tutorial_ga",
      "provider": "provider[\"registry.terraform.io/hashicorp/google\"]",
      "instances": [
        {
          "schema_version": 0,
          "attributes": {
            "description": "",
            "disabled": false,
            "display_name": "",
            "id": "projects/tech-lab-323207/locations/global/workloadIdentityPools/tnamba-tutorial-ga",
            "name": "projects/823642599271/locations/global/workloadIdentityPools/tnamba-tutorial-ga",
            "project": "tech-lab-323207",
            "state": "ACTIVE",
            "timeouts": null,
            "workload_identity_pool_id": "tnamba-tutorial-ga"
          },
          "sensitive_attributes": [],
          "private": "eyJlMmJmYjczMC1lY2FhLTExZTYtOGY4OC0zNDM2M2JjN2M0YzAiOnsiY3JlYXRlIjoxMjAwMDAwMDAwMDAwLCJkZWxldGUiOjEyMDAwMDAwMDAwMDAsInVwZGF0ZSI6MTIwMDAwMDAwMDAwMH19"
        }
      ]
    },
    {
      "module": "module.tutorial",
      "mode": "managed",
      "type": "google_iam_workload_identity_pool_provider",
      "name": "tnamba_tutorial_ga_pool_provider",
      "provider": "provider[\"registry.terraform.io/hashicorp/google\"]",
      "instances": [
        {
          "schema_version": 0,
          "attributes": {
            "attribute_condition": "",
            "attribute_mapping": {
              "attribute.actor": "assertion.actor",
              "attribute.repository": "assertion.repository",
              "google.subject": "assertion.sub"
            },
            "aws": [],
            "description": "",
            "disabled": false,
            "display_name": "",
            "id": "projects/tech-lab-323207/locations/global/workloadIdentityPools/tnamba-tutorial-ga/providers/tnamba-tutorial-ga-pool-provider",
            "name": "projects/823642599271/locations/global/workloadIdentityPools/tnamba-tutorial-ga/providers/tnamba-tutorial-ga-pool-provider",
            "oidc": [
              {
                "allowed_audiences": [],
                "issuer_uri": "https://token.actions.githubusercontent.com"
              }
            ],
            "project": "tech-lab-323207",
            "state": "ACTIVE",
            "timeouts": null,
            "workload_identity_pool_id": "tnamba-tutorial-ga",
            "workload_identity_pool_provider_id": "tnamba-tutorial-ga-pool-provider"
          },
          "sensitive_attributes": [],
          "private": "eyJlMmJmYjczMC1lY2FhLTExZTYtOGY4OC0zNDM2M2JjN2M0YzAiOnsiY3JlYXRlIjoxMjAwMDAwMDAwMDAwLCJkZWxldGUiOjEyMDAwMDAwMDAwMDAsInVwZGF0ZSI6MTIwMDAwMDAwMDAwMH19",
          "dependencies": [
            "module.tutorial.google_iam_workload_identity_pool.tnamba_tutorial_ga"
          ]
        }
      ]
    },
    {
      "module": "module.tutorial",
      "mode": "managed",
      "type": "google_project_iam_binding",
      "name": "client",
      "provider": "provider[\"registry.terraform.io/hashicorp/google\"]",
      "instances": [
        {
          "schema_version": 0,
          "attributes": {
            "condition": [],
            "etag": "BwX6/eXMRVk=",
            "id": "tech-lab-323207/roles/cloudsql.client",
            "members": [
              "serviceAccount:tnamba-tutorial-cloudrun-sa@tech-lab-323207.iam.gserviceaccount.com"
            ],
            "project": "tech-lab-323207",
            "role": "roles/cloudsql.client"
          },
          "sensitive_attributes": [],
          "private": "bnVsbA==",
          "dependencies": [
            "module.tutorial.google_service_account.tnamba_tutorial_cloudrun_service_account"
          ]
        }
      ]
    },
    {
      "module": "module.tutorial",
      "mode": "managed",
      "type": "google_project_iam_binding",
      "name": "tnamba_tutorial_chat_image_object_admin",
      "provider": "provider[\"registry.terraform.io/hashicorp/google\"]",
      "instances": [
        {
          "schema_version": 0,
          "attributes": {
            "condition": [],
            "etag": "BwX6/eXMRVk=",
            "id": "tech-lab-323207/roles/cloudsql.instanceUser",
            "members": [
              "serviceAccount:tnamba-tutorial-cloudrun-sa@tech-lab-323207.iam.gserviceaccount.com"
            ],
            "project": "tech-lab-323207",
            "role": "roles/cloudsql.instanceUser"
          },
          "sensitive_attributes": [],
          "private": "bnVsbA==",
          "dependencies": [
            "module.tutorial.google_service_account.tnamba_tutorial_cloudrun_service_account"
          ]
        }
      ]
    },
    {
      "module": "module.tutorial",
      "mode": "managed",
      "type": "google_project_iam_member",
      "name": "ga_storage_object_viewer",
      "provider": "provider[\"registry.terraform.io/hashicorp/google\"]",
      "instances": [
        {
          "schema_version": 0,
          "attributes": {
            "condition": [],
            "etag": "BwX6/eXMRVk=",
            "id": "tech-lab-323207/roles/clouddeploy.operator/serviceAccount:tnamba-tutorial-ga-sa@tech-lab-323207.iam.gserviceaccount.com",
            "member": "serviceAccount:tnamba-tutorial-ga-sa@tech-lab-323207.iam.gserviceaccount.com",
            "project": "tech-lab-323207",
            "role": "roles/clouddeploy.operator"
          },
          "sensitive_attributes": [],
          "private": "bnVsbA==",
          "dependencies": [
            "module.tutorial.google_service_account.tnamba_tutorial_ga_service_account"
          ]
        }
      ]
    },
    {
      "module": "module.tutorial",
      "mode": "managed",
      "type": "google_service_account",
      "name": "tnamba_tutorial_cloudrun_service_account",
      "provider": "provider[\"registry.terraform.io/hashicorp/google\"]",
      "instances": [
        {
          "schema_version": 0,
          "attributes": {
            "account_id": "tnamba-tutorial-cloudrun-sa",
            "description": "",
            "disabled": false,
            "display_name": "Various permissions required for Cloud Run",
            "email": "tnamba-tutorial-cloudrun-sa@tech-lab-323207.iam.gserviceaccount.com",
            "id": "projects/tech-lab-323207/serviceAccounts/tnamba-tutorial-cloudrun-sa@tech-lab-323207.iam.gserviceaccount.com",
            "member": "serviceAccount:tnamba-tutorial-cloudrun-sa@tech-lab-323207.iam.gserviceaccount.com",
            "name": "projects/tech-lab-323207/serviceAccounts/tnamba-tutorial-cloudrun-sa@tech-lab-323207.iam.gserviceaccount.com",
            "project": "tech-lab-323207",
            "timeouts": null,
            "unique_id": "115945027381253531807"
          },
          "sensitive_attributes": [],
          "private": "eyJlMmJmYjczMC1lY2FhLTExZTYtOGY4OC0zNDM2M2JjN2M0YzAiOnsiY3JlYXRlIjozMDAwMDAwMDAwMDB9fQ=="
        }
      ]
    },
    {
      "module": "module.tutorial",
      "mode": "managed",
      "type": "google_service_account",
      "name": "tnamba_tutorial_ga_service_account",
      "provider": "provider[\"registry.terraform.io/hashicorp/google\"]",
      "instances": [
        {
          "schema_version": 0,
          "attributes": {
            "account_id": "tnamba-tutorial-ga-sa",
            "description": "",
            "disabled": false,
            "display_name": "Various permissions required for Github Actions",
            "email": "tnamba-tutorial-ga-sa@tech-lab-323207.iam.gserviceaccount.com",
            "id": "projects/tech-lab-323207/serviceAccounts/tnamba-tutorial-ga-sa@tech-lab-323207.iam.gserviceaccount.com",
            "member": "serviceAccount:tnamba-tutorial-ga-sa@tech-lab-323207.iam.gserviceaccount.com",
            "name": "projects/tech-lab-323207/serviceAccounts/tnamba-tutorial-ga-sa@tech-lab-323207.iam.gserviceaccount.com",
            "project": "tech-lab-323207",
            "timeouts": null,
            "unique_id": "110197174605462208945"
          },
          "sensitive_attributes": [],
          "private": "eyJlMmJmYjczMC1lY2FhLTExZTYtOGY4OC0zNDM2M2JjN2M0YzAiOnsiY3JlYXRlIjozMDAwMDAwMDAwMDB9fQ=="
        }
      ]
    },
    {
      "module": "module.tutorial",
      "mode": "managed",
      "type": "google_sql_database",
      "name": "tnamba_tutorial_database",
      "provider": "provider[\"registry.terraform.io/hashicorp/google\"]",
      "instances": [
        {
          "schema_version": 0,
          "attributes": {
            "charset": "UTF8",
            "collation": "en_US.UTF8",
            "deletion_policy": "DELETE",
            "id": "projects/tech-lab-323207/instances/tnamba-tutorial-postgres/databases/tnamba-tutorial",
            "instance": "tnamba-tutorial-postgres",
            "name": "tnamba-tutorial",
            "project": "tech-lab-323207",
            "self_link": "https://sqladmin.googleapis.com/sql/v1beta4/projects/tech-lab-323207/instances/tnamba-tutorial-postgres/databases/tnamba-tutorial",
            "timeouts": null
          },
          "sensitive_attributes": [],
          "private": "eyJlMmJmYjczMC1lY2FhLTExZTYtOGY4OC0zNDM2M2JjN2M0YzAiOnsiY3JlYXRlIjoxMjAwMDAwMDAwMDAwLCJkZWxldGUiOjEyMDAwMDAwMDAwMDAsInVwZGF0ZSI6MTIwMDAwMDAwMDAwMH19",
          "dependencies": [
            "module.tutorial.google_sql_database_instance.tnamba_tutorial_postgres",
            "module.tutorial.google_sql_user.default_user",
            "module.tutorial.random_id.length_8"
          ]
        }
      ]
    },
    {
      "module": "module.tutorial",
      "mode": "managed",
      "type": "google_sql_database_instance",
      "name": "tnamba_tutorial_postgres",
      "provider": "provider[\"registry.terraform.io/hashicorp/google\"]",
      "instances": [
        {
          "schema_version": 0,
          "attributes": {
            "available_maintenance_versions": [],
            "clone": [],
            "connection_name": "tech-lab-323207:asia-northeast1:tnamba-tutorial-postgres",
            "database_version": "POSTGRES_14",
            "deletion_protection": false,
            "encryption_key_name": null,
            "first_ip_address": "35.189.128.230",
            "id": "tnamba-tutorial-postgres",
            "instance_type": "CLOUD_SQL_INSTANCE",
            "ip_address": [
              {
                "ip_address": "35.189.128.230",
                "time_to_retire": "",
                "type": "PRIMARY"
              },
              {
                "ip_address": "34.84.136.51",
                "time_to_retire": "",
                "type": "OUTGOING"
              }
            ],
            "maintenance_version": "POSTGRES_14_5.R20230316.02_02",
            "master_instance_name": "",
            "name": "tnamba-tutorial-postgres",
            "private_ip_address": "",
            "project": "tech-lab-323207",
            "public_ip_address": "35.189.128.230",
            "region": "asia-northeast1",
            "replica_configuration": [],
            "restore_backup_context": [],
            "root_password": null,
            "self_link": "https://sqladmin.googleapis.com/sql/v1beta4/projects/tech-lab-323207/instances/tnamba-tutorial-postgres",
            "server_ca_cert": [
              {
                "cert": "-----BEGIN CERTIFICATE-----\nMIIDfzCCAmegAwIBAgIBADANBgkqhkiG9w0BAQsFADB3MS0wKwYDVQQuEyQ4MTNi\nZTg4Mi00YWQ5LTQ5MzktYWFhYi00ZDJhOWRiZTBiZTcxIzAhBgNVBAMTGkdvb2ds\nZSBDbG91ZCBTUUwgU2VydmVyIENBMRQwEgYDVQQKEwtHb29nbGUsIEluYzELMAkG\nA1UEBhMCVVMwHhcNMjMwNTA1MTEwNTIxWhcNMzMwNTAyMTEwNjIxWjB3MS0wKwYD\nVQQuEyQ4MTNiZTg4Mi00YWQ5LTQ5MzktYWFhYi00ZDJhOWRiZTBiZTcxIzAhBgNV\nBAMTGkdvb2dsZSBDbG91ZCBTUUwgU2VydmVyIENBMRQwEgYDVQQKEwtHb29nbGUs\nIEluYzELMAkGA1UEBhMCVVMwggEiMA0GCSqGSIb3DQEBAQUAA4IBDwAwggEKAoIB\nAQCbarOzaLXpgYEFLW8mJUvwoVcsO2w1g5WU6AOmMt7oLk7eQZgwlwpXpqFBMi/l\nfYWgS0PVMjmycnyI5hx3wYgjZePBgqJ1fTCrbWB05n5pwH/zcURGFGO+Oq74h9fe\n8pQ0Baa8fj5Jgt10bDqP6kIVdghIuXUeXaOP7AQ9HuwB2qojYgNo4npcCTbnI5kv\n7RIKPXvAjAIoyBjTMsSn5u9c9M0zsB8qUhpR3bx2tRdCkSkEldYcN8lVD9M1Kgzb\nzjMmYdCmSMHmwxZUYyq/Jnhkur1nqTLp44ko2NUoaizM6D+5U1A4J4E/J2/c0Nh/\ndeMbKRRDJaBl4h5rGKBcLsdfAgMBAAGjFjAUMBIGA1UdEwEB/wQIMAYBAf8CAQAw\nDQYJKoZIhvcNAQELBQADggEBAFz/GWTe+rX+pCAp4sSEkQlnu8HQ8RcuzeexUC7R\nL17iyF2lcoESljm3NrbrLt6RLJ15nz1csdnjp7UE5IlJzWsPmIXcZwkgMQ89TP5j\nGiqEQqTO3dUdB2SdwXl90frdF925AX4YtjTkALUBNF0II19T8tt52XriRLCjs+Es\nNGsENNltipycgVapxn1qQTZQL9Gp9+IwFYg1XXSaLYbZyONytumupERR2/y1OWBZ\nedc+5TN0FVJa2NYgtiwn/Ow8e3d79LBCyNt1w+P9x7suH8+RESyNfGUG9ZB0w3H0\n7BuEqTPiGgteLb5HV41Zmx4y29wRRFhPPi360NRym4sN8YU=\n-----END CERTIFICATE-----",
                "common_name": "C=US,O=Google\\, Inc,CN=Google Cloud SQL Server CA,dnQualifier=813be882-4ad9-4939-aaab-4d2a9dbe0be7",
                "create_time": "2023-05-05T11:05:21.173Z",
                "expiration_time": "2033-05-02T11:06:21.173Z",
                "sha1_fingerprint": "66d50dd5aa008ad663dc2eb0b557d0e81a9a5d25"
              }
            ],
            "service_account_email_address": "p823642599271-d2okjw@gcp-sa-cloud-sql.iam.gserviceaccount.com",
            "settings": [
              {
                "activation_policy": "ALWAYS",
                "active_directory_config": [],
                "availability_type": "ZONAL",
                "backup_configuration": [
                  {
                    "backup_retention_settings": [
                      {
                        "retained_backups": 7,
                        "retention_unit": "COUNT"
                      }
                    ],
                    "binary_log_enabled": false,
                    "enabled": false,
                    "location": "",
                    "point_in_time_recovery_enabled": false,
                    "start_time": "15:00",
                    "transaction_log_retention_days": 7
                  }
                ],
                "collation": "",
                "connector_enforcement": "NOT_REQUIRED",
                "database_flags": [],
                "deletion_protection_enabled": false,
                "deny_maintenance_period": [],
                "disk_autoresize": false,
                "disk_autoresize_limit": 0,
                "disk_size": 10,
                "disk_type": "PD_HDD",
                "insights_config": [],
                "ip_configuration": [
                  {
                    "allocated_ip_range": "",
                    "authorized_networks": [],
                    "enable_private_path_for_google_cloud_services": false,
                    "ipv4_enabled": true,
                    "private_network": "",
                    "require_ssl": false
                  }
                ],
                "location_preference": [
                  {
                    "follow_gae_application": "",
                    "secondary_zone": "",
                    "zone": "asia-northeast1-b"
                  }
                ],
                "maintenance_window": [],
                "password_validation_policy": [],
                "pricing_plan": "PER_USE",
                "sql_server_audit_config": [],
                "tier": "db-f1-micro",
                "time_zone": "",
                "user_labels": {},
                "version": 2
              }
            ],
            "timeouts": null
          },
          "sensitive_attributes": [],
          "private": "eyJlMmJmYjczMC1lY2FhLTExZTYtOGY4OC0zNDM2M2JjN2M0YzAiOnsiY3JlYXRlIjoyNDAwMDAwMDAwMDAwLCJkZWxldGUiOjE4MDAwMDAwMDAwMDAsInVwZGF0ZSI6MTgwMDAwMDAwMDAwMH19"
        }
      ]
    },
    {
      "module": "module.tutorial",
      "mode": "managed",
      "type": "google_sql_user",
      "name": "default_user",
      "provider": "provider[\"registry.terraform.io/hashicorp/google\"]",
      "instances": [
        {
          "schema_version": 1,
          "attributes": {
            "deletion_policy": null,
            "host": "",
            "id": "postgres//tnamba-tutorial-postgres",
            "instance": "tnamba-tutorial-postgres",
            "name": "postgres",
            "password": "70d601d5a4d9b976",
            "password_policy": [],
            "project": "tech-lab-323207",
            "sql_server_user_details": [],
            "timeouts": null,
            "type": ""
          },
          "sensitive_attributes": [],
          "private": "eyJlMmJmYjczMC1lY2FhLTExZTYtOGY4OC0zNDM2M2JjN2M0YzAiOnsiY3JlYXRlIjo2MDAwMDAwMDAwMDAsImRlbGV0ZSI6NjAwMDAwMDAwMDAwLCJ1cGRhdGUiOjYwMDAwMDAwMDAwMH0sInNjaGVtYV92ZXJzaW9uIjoiMSJ9",
          "dependencies": [
            "module.tutorial.google_sql_database_instance.tnamba_tutorial_postgres",
            "module.tutorial.random_id.length_8"
          ]
        }
      ]
    },
    {
      "module": "module.tutorial",
      "mode": "managed",
      "type": "google_storage_bucket",
      "name": "tnamba_tutorial",
      "provider": "provider[\"registry.terraform.io/hashicorp/google\"]",
      "instances": [
        {
          "schema_version": 0,
          "attributes": {
            "autoclass": [],
            "cors": [
              {
                "max_age_seconds": 3600,
                "method": [
                  "GET",
                  "HEAD",
                  "PUT",
                  "POST",
                  "DELETE"
                ],
                "origin": [
                  "http://localhost:3000"
                ],
                "response_header": [
                  "*"
                ]
              }
            ],
            "custom_placement_config": [],
            "default_event_based_hold": false,
            "encryption": [],
            "force_destroy": true,
            "id": "tnamba-tutorial-chat-image",
            "labels": {},
            "lifecycle_rule": [],
            "location": "ASIA-NORTHEAST1",
            "logging": [],
            "name": "tnamba-tutorial-chat-image",
            "project": "tech-lab-323207",
            "public_access_prevention": "inherited",
            "requester_pays": false,
            "retention_policy": [],
            "self_link": "https://www.googleapis.com/storage/v1/b/tnamba-tutorial-chat-image",
            "storage_class": "STANDARD",
            "timeouts": null,
            "uniform_bucket_level_access": false,
            "url": "gs://tnamba-tutorial-chat-image",
            "versioning": [],
            "website": []
          },
          "sensitive_attributes": [],
          "private": "eyJlMmJmYjczMC1lY2FhLTExZTYtOGY4OC0zNDM2M2JjN2M0YzAiOnsiY3JlYXRlIjo2MDAwMDAwMDAwMDAsInJlYWQiOjI0MDAwMDAwMDAwMCwidXBkYXRlIjoyNDAwMDAwMDAwMDB9fQ=="
        }
      ]
    },
    {
      "module": "module.tutorial",
      "mode": "managed",
      "type": "google_storage_bucket_iam_binding",
      "name": "tnamba_tutorial_chat_image_object_admin",
      "provider": "provider[\"registry.terraform.io/hashicorp/google\"]",
      "instances": [
        {
          "schema_version": 0,
          "attributes": {
            "bucket": "b/tnamba-tutorial-chat-image",
            "condition": [],
            "etag": "CAI=",
            "id": "b/tnamba-tutorial-chat-image/roles/storage.objectAdmin",
            "members": [
              "serviceAccount:tnamba-tutorial-cloudrun-sa@tech-lab-323207.iam.gserviceaccount.com"
            ],
            "role": "roles/storage.objectAdmin"
          },
          "sensitive_attributes": [],
          "private": "bnVsbA==",
          "dependencies": [
            "module.tutorial.google_service_account.tnamba_tutorial_cloudrun_service_account",
            "module.tutorial.google_storage_bucket.tnamba_tutorial"
          ]
        }
      ]
    },
    {
      "module": "module.tutorial",
      "mode": "managed",
      "type": "random_id",
      "name": "length_16",
      "provider": "provider[\"registry.terraform.io/hashicorp/random\"]",
      "instances": [
        {
          "schema_version": 0,
          "attributes": {
            "b64_std": "wcmbGM7umvupb68K1/ry4g==",
            "b64_url": "wcmbGM7umvupb68K1_ry4g",
            "byte_length": 16,
            "dec": "257587800594061098430074866368562000610",
            "hex": "c1c99b18ceee9afba96faf0ad7faf2e2",
            "id": "wcmbGM7umvupb68K1_ry4g",
            "keepers": null,
            "prefix": null
          },
          "sensitive_attributes": []
        }
      ]
    },
    {
      "module": "module.tutorial",
      "mode": "managed",
      "type": "random_id",
      "name": "length_4",
      "provider": "provider[\"registry.terraform.io/hashicorp/random\"]",
      "instances": [
        {
          "schema_version": 0,
          "attributes": {
            "b64_std": "AufqFw==",
            "b64_url": "AufqFw",
            "byte_length": 4,
            "dec": "48753175",
            "hex": "02e7ea17",
            "id": "AufqFw",
            "keepers": null,
            "prefix": null
          },
          "sensitive_attributes": []
        }
      ]
    },
    {
      "module": "module.tutorial",
      "mode": "managed",
      "type": "random_id",
      "name": "length_8",
      "provider": "provider[\"registry.terraform.io/hashicorp/random\"]",
      "instances": [
        {
          "schema_version": 0,
          "attributes": {
            "b64_std": "cNYB1aTZuXY=",
            "b64_url": "cNYB1aTZuXY",
            "byte_length": 8,
            "dec": "8130688194369403254",
            "hex": "70d601d5a4d9b976",
            "id": "cNYB1aTZuXY",
            "keepers": null,
            "prefix": null
          },
          "sensitive_attributes": []
        }
      ]
    }
  ],
  "check_results": null
}
